
Microsoft Visual Studio Solution File, Format Version 12.00
# Visual Studio Version 17
VisualStudioVersion = 17.14.36203.30 d17.14
MinimumVisualStudioVersion = 10.0.40219.1
Project("{FAE04EC0-301F-11D3-BF4B-00C04F79EFBC}") = "solution_demo_2027", "WpfApp1\solution_demo_2027.csproj", "{36E1309B-ABB9-457E-9D0B-DD3F7FC98D44}"
EndProject
Global
	GlobalSection(SolutionConfigurationPlatforms) = preSolution
		Debug|Any CPU = Debug|Any CPU
		Release|Any CPU = Release|Any CPU
	EndGlobalSection
	GlobalSection(ProjectConfigurationPlatforms) = postSolution
		{36E1309B-ABB9-457E-9D0B-DD3F7FC98D44}.Debug|Any CPU.ActiveCfg = Debug|Any CPU
		{36E1309B-ABB9-457E-9D0B-DD3F7FC98D44}.Debug|Any CPU.Build.0 = Debug|Any CPU
		{36E1309B-ABB9-457E-9D0B-DD3F7FC98D44}.Release|Any CPU.ActiveCfg = Release|Any CPU
		{36E1309B-ABB9-457E-9D0B-DD3F7FC98D44}.Release|Any CPU.Build.0 = Release|Any CPU
	EndGlobalSection
	GlobalSection(SolutionProperties) = preSolution
		HideSolutionNode = FALSE
	EndGlobalSection
	GlobalSection(ExtensibilityGlobals) = postSolution
		SolutionGuid = {09F6DCA5-81DA-4944-8B4B-DBC384A05601}
	EndGlobalSection
EndGlobal
